// !$*UTF8*$!
{
	archiveVersion = 1;
	classes = {
	};
	objectVersion = 52;
	objects = {

/* Begin PBXBuildFile section */
		39792F992444F41800B96F25 /* DiscoverTableViewController.swift in Sources */ = {isa = PBXBuildFile; fileRef = 39792F982444F41800B96F25 /* DiscoverTableViewController.swift */; };
		39792F9B244578D400B96F25 /* DiscoverCell.swift in Sources */ = {isa = PBXBuildFile; fileRef = 39792F9A244578D400B96F25 /* DiscoverCell.swift */; };
		39792F9D24465A6D00B96F25 /* AddRecipeViewController.swift in Sources */ = {isa = PBXBuildFile; fileRef = 39792F9C24465A6D00B96F25 /* AddRecipeViewController.swift */; };
		39792F9F2447D87100B96F25 /* GroceryViewController.swift in Sources */ = {isa = PBXBuildFile; fileRef = 39792F9E2447D87100B96F25 /* GroceryViewController.swift */; };
		39792FA12448CE6900B96F25 /* Location.swift in Sources */ = {isa = PBXBuildFile; fileRef = 39792FA02448CE6800B96F25 /* Location.swift */; };
		39792FA3244924A500B96F25 /* GrocerySearchModel.swift in Sources */ = {isa = PBXBuildFile; fileRef = 39792FA2244924A400B96F25 /* GrocerySearchModel.swift */; };
		3996F701243BC8820071FCC6 /* AppDelegate.swift in Sources */ = {isa = PBXBuildFile; fileRef = 3996F700243BC8820071FCC6 /* AppDelegate.swift */; };
		3996F703243BC8820071FCC6 /* SceneDelegate.swift in Sources */ = {isa = PBXBuildFile; fileRef = 3996F702243BC8820071FCC6 /* SceneDelegate.swift */; };
		3996F708243BC8820071FCC6 /* Main.storyboard in Resources */ = {isa = PBXBuildFile; fileRef = 3996F706243BC8820071FCC6 /* Main.storyboard */; };
		3996F70A243BC8840071FCC6 /* Assets.xcassets in Resources */ = {isa = PBXBuildFile; fileRef = 3996F709243BC8840071FCC6 /* Assets.xcassets */; };
		3996F70D243BC8840071FCC6 /* LaunchScreen.storyboard in Resources */ = {isa = PBXBuildFile; fileRef = 3996F70B243BC8840071FCC6 /* LaunchScreen.storyboard */; };
		3996F718243BC8840071FCC6 /* zestTests.swift in Sources */ = {isa = PBXBuildFile; fileRef = 3996F717243BC8840071FCC6 /* zestTests.swift */; };
		3996F723243BC8840071FCC6 /* zestUITests.swift in Sources */ = {isa = PBXBuildFile; fileRef = 3996F722243BC8840071FCC6 /* zestUITests.swift */; };
		3996F734243C175C0071FCC6 /* RecipeModel.swift in Sources */ = {isa = PBXBuildFile; fileRef = 3996F733243C175C0071FCC6 /* RecipeModel.swift */; };
		3996F736243C176A0071FCC6 /* Recipe.swift in Sources */ = {isa = PBXBuildFile; fileRef = 3996F735243C176A0071FCC6 /* Recipe.swift */; };
		3996F73D2443AF0E0071FCC6 /* Kingfisher in Frameworks */ = {isa = PBXBuildFile; productRef = 3996F73C2443AF0E0071FCC6 /* Kingfisher */; };
		3996F73F2443BCEA0071FCC6 /* RecipeTableViewController.swift in Sources */ = {isa = PBXBuildFile; fileRef = 3996F73E2443BCEA0071FCC6 /* RecipeTableViewController.swift */; };
		3996F7432443C03B0071FCC6 /* TableViewCell.swift in Sources */ = {isa = PBXBuildFile; fileRef = 3996F7422443C03B0071FCC6 /* TableViewCell.swift */; };
		3996F7452443CFA80071FCC6 /* RecipeDetailViewController.swift in Sources */ = {isa = PBXBuildFile; fileRef = 3996F7442443CFA80071FCC6 /* RecipeDetailViewController.swift */; };
		3996F7472443DADE0071FCC6 /* FridgeTableViewController.swift in Sources */ = {isa = PBXBuildFile; fileRef = 3996F7462443DADE0071FCC6 /* FridgeTableViewController.swift */; };
		399EB50B2450BC6C00B2297C /* GoogleService-Info.plist in Resources */ = {isa = PBXBuildFile; fileRef = 399EB50A2450BC6C00B2297C /* GoogleService-Info.plist */; };
		43C31D8FDB40C0B1E6D2F1BB /* Pods_zest.framework in Frameworks */ = {isa = PBXBuildFile; fileRef = 4FFE9C47E8986480A4263451 /* Pods_zest.framework */; };
		B8D8746540599BBA01738202 /* Pods_zestTests.framework in Frameworks */ = {isa = PBXBuildFile; fileRef = 42D5F3A717F7B21B2FB49B23 /* Pods_zestTests.framework */; };
		FA5B0FC04938534519B83BE6 /* Pods_zest_zestUITests.framework in Frameworks */ = {isa = PBXBuildFile; fileRef = B4F09B2BDD4596ADC0FC1AB0 /* Pods_zest_zestUITests.framework */; };
/* End PBXBuildFile section */

/* Begin PBXContainerItemProxy section */
		3996F714243BC8840071FCC6 /* PBXContainerItemProxy */ = {
			isa = PBXContainerItemProxy;
			containerPortal = 3996F6F5243BC8820071FCC6 /* Project object */;
			proxyType = 1;
			remoteGlobalIDString = 3996F6FC243BC8820071FCC6;
			remoteInfo = zest;
		};
		3996F71F243BC8840071FCC6 /* PBXContainerItemProxy */ = {
			isa = PBXContainerItemProxy;
			containerPortal = 3996F6F5243BC8820071FCC6 /* Project object */;
			proxyType = 1;
			remoteGlobalIDString = 3996F6FC243BC8820071FCC6;
			remoteInfo = zest;
		};
/* End PBXContainerItemProxy section */

/* Begin PBXFileReference section */
		39792F982444F41800B96F25 /* DiscoverTableViewController.swift */ = {isa = PBXFileReference; lastKnownFileType = sourcecode.swift; path = DiscoverTableViewController.swift; sourceTree = "<group>"; };
		39792F9A244578D400B96F25 /* DiscoverCell.swift */ = {isa = PBXFileReference; lastKnownFileType = sourcecode.swift; path = DiscoverCell.swift; sourceTree = "<group>"; };
		39792F9C24465A6D00B96F25 /* AddRecipeViewController.swift */ = {isa = PBXFileReference; lastKnownFileType = sourcecode.swift; path = AddRecipeViewController.swift; sourceTree = "<group>"; };
		39792F9E2447D87100B96F25 /* GroceryViewController.swift */ = {isa = PBXFileReference; lastKnownFileType = sourcecode.swift; path = GroceryViewController.swift; sourceTree = "<group>"; };
		39792FA02448CE6800B96F25 /* Location.swift */ = {isa = PBXFileReference; lastKnownFileType = sourcecode.swift; path = Location.swift; sourceTree = "<group>"; };
		39792FA2244924A400B96F25 /* GrocerySearchModel.swift */ = {isa = PBXFileReference; lastKnownFileType = sourcecode.swift; path = GrocerySearchModel.swift; sourceTree = "<group>"; };
		3996F6FD243BC8820071FCC6 /* zest.app */ = {isa = PBXFileReference; explicitFileType = wrapper.application; includeInIndex = 0; path = zest.app; sourceTree = BUILT_PRODUCTS_DIR; };
		3996F700243BC8820071FCC6 /* AppDelegate.swift */ = {isa = PBXFileReference; lastKnownFileType = sourcecode.swift; path = AppDelegate.swift; sourceTree = "<group>"; };
		3996F702243BC8820071FCC6 /* SceneDelegate.swift */ = {isa = PBXFileReference; lastKnownFileType = sourcecode.swift; path = SceneDelegate.swift; sourceTree = "<group>"; };
		3996F707243BC8820071FCC6 /* Base */ = {isa = PBXFileReference; lastKnownFileType = file.storyboard; name = Base; path = Base.lproj/Main.storyboard; sourceTree = "<group>"; };
		3996F709243BC8840071FCC6 /* Assets.xcassets */ = {isa = PBXFileReference; lastKnownFileType = folder.assetcatalog; path = Assets.xcassets; sourceTree = "<group>"; };
		3996F70C243BC8840071FCC6 /* Base */ = {isa = PBXFileReference; lastKnownFileType = file.storyboard; name = Base; path = Base.lproj/LaunchScreen.storyboard; sourceTree = "<group>"; };
		3996F70E243BC8840071FCC6 /* Info.plist */ = {isa = PBXFileReference; lastKnownFileType = text.plist.xml; path = Info.plist; sourceTree = "<group>"; };
		3996F713243BC8840071FCC6 /* zestTests.xctest */ = {isa = PBXFileReference; explicitFileType = wrapper.cfbundle; includeInIndex = 0; path = zestTests.xctest; sourceTree = BUILT_PRODUCTS_DIR; };
		3996F717243BC8840071FCC6 /* zestTests.swift */ = {isa = PBXFileReference; lastKnownFileType = sourcecode.swift; path = zestTests.swift; sourceTree = "<group>"; };
		3996F719243BC8840071FCC6 /* Info.plist */ = {isa = PBXFileReference; lastKnownFileType = text.plist.xml; path = Info.plist; sourceTree = "<group>"; };
		3996F71E243BC8840071FCC6 /* zestUITests.xctest */ = {isa = PBXFileReference; explicitFileType = wrapper.cfbundle; includeInIndex = 0; path = zestUITests.xctest; sourceTree = BUILT_PRODUCTS_DIR; };
		3996F722243BC8840071FCC6 /* zestUITests.swift */ = {isa = PBXFileReference; lastKnownFileType = sourcecode.swift; path = zestUITests.swift; sourceTree = "<group>"; };
		3996F724243BC8840071FCC6 /* Info.plist */ = {isa = PBXFileReference; lastKnownFileType = text.plist.xml; path = Info.plist; sourceTree = "<group>"; };
		3996F733243C175C0071FCC6 /* RecipeModel.swift */ = {isa = PBXFileReference; lastKnownFileType = sourcecode.swift; path = RecipeModel.swift; sourceTree = "<group>"; };
		3996F735243C176A0071FCC6 /* Recipe.swift */ = {isa = PBXFileReference; lastKnownFileType = sourcecode.swift; path = Recipe.swift; sourceTree = "<group>"; };
		3996F73E2443BCEA0071FCC6 /* RecipeTableViewController.swift */ = {isa = PBXFileReference; lastKnownFileType = sourcecode.swift; path = RecipeTableViewController.swift; sourceTree = "<group>"; };
		3996F7422443C03B0071FCC6 /* TableViewCell.swift */ = {isa = PBXFileReference; lastKnownFileType = sourcecode.swift; path = TableViewCell.swift; sourceTree = "<group>"; };
		3996F7442443CFA80071FCC6 /* RecipeDetailViewController.swift */ = {isa = PBXFileReference; lastKnownFileType = sourcecode.swift; path = RecipeDetailViewController.swift; sourceTree = "<group>"; };
		3996F7462443DADE0071FCC6 /* FridgeTableViewController.swift */ = {isa = PBXFileReference; lastKnownFileType = sourcecode.swift; path = FridgeTableViewController.swift; sourceTree = "<group>"; };
		399EB50A2450BC6C00B2297C /* GoogleService-Info.plist */ = {isa = PBXFileReference; fileEncoding = 4; lastKnownFileType = text.plist.xml; path = "GoogleService-Info.plist"; sourceTree = "<group>"; };
		42D5F3A717F7B21B2FB49B23 /* Pods_zestTests.framework */ = {isa = PBXFileReference; explicitFileType = wrapper.framework; includeInIndex = 0; path = Pods_zestTests.framework; sourceTree = BUILT_PRODUCTS_DIR; };
		45E2E8107207ECF0005E4025 /* Pods-zest.debug.xcconfig */ = {isa = PBXFileReference; includeInIndex = 1; lastKnownFileType = text.xcconfig; name = "Pods-zest.debug.xcconfig"; path = "Target Support Files/Pods-zest/Pods-zest.debug.xcconfig"; sourceTree = "<group>"; };
		4FFE9C47E8986480A4263451 /* Pods_zest.framework */ = {isa = PBXFileReference; explicitFileType = wrapper.framework; includeInIndex = 0; path = Pods_zest.framework; sourceTree = BUILT_PRODUCTS_DIR; };
		879AC42F28DD52C57A1CD88D /* Pods-zestTests.release.xcconfig */ = {isa = PBXFileReference; includeInIndex = 1; lastKnownFileType = text.xcconfig; name = "Pods-zestTests.release.xcconfig"; path = "Target Support Files/Pods-zestTests/Pods-zestTests.release.xcconfig"; sourceTree = "<group>"; };
		B4F09B2BDD4596ADC0FC1AB0 /* Pods_zest_zestUITests.framework */ = {isa = PBXFileReference; explicitFileType = wrapper.framework; includeInIndex = 0; path = Pods_zest_zestUITests.framework; sourceTree = BUILT_PRODUCTS_DIR; };
		CCFA412A5378FEADA50FCB6F /* Pods-zest.release.xcconfig */ = {isa = PBXFileReference; includeInIndex = 1; lastKnownFileType = text.xcconfig; name = "Pods-zest.release.xcconfig"; path = "Target Support Files/Pods-zest/Pods-zest.release.xcconfig"; sourceTree = "<group>"; };
		E7430F79CDA2C7904434F6EA /* Pods-zestTests.debug.xcconfig */ = {isa = PBXFileReference; includeInIndex = 1; lastKnownFileType = text.xcconfig; name = "Pods-zestTests.debug.xcconfig"; path = "Target Support Files/Pods-zestTests/Pods-zestTests.debug.xcconfig"; sourceTree = "<group>"; };
		E8055AA5D4CECE30E136E6A1 /* Pods-zest-zestUITests.release.xcconfig */ = {isa = PBXFileReference; includeInIndex = 1; lastKnownFileType = text.xcconfig; name = "Pods-zest-zestUITests.release.xcconfig"; path = "Target Support Files/Pods-zest-zestUITests/Pods-zest-zestUITests.release.xcconfig"; sourceTree = "<group>"; };
		FE57A6F2CFD9ED184AEACCCC /* Pods-zest-zestUITests.debug.xcconfig */ = {isa = PBXFileReference; includeInIndex = 1; lastKnownFileType = text.xcconfig; name = "Pods-zest-zestUITests.debug.xcconfig"; path = "Target Support Files/Pods-zest-zestUITests/Pods-zest-zestUITests.debug.xcconfig"; sourceTree = "<group>"; };
/* End PBXFileReference section */

/* Begin PBXFrameworksBuildPhase section */
		3996F6FA243BC8820071FCC6 /* Frameworks */ = {
			isa = PBXFrameworksBuildPhase;
			buildActionMask = 2147483647;
			files = (
				3996F73D2443AF0E0071FCC6 /* Kingfisher in Frameworks */,
				43C31D8FDB40C0B1E6D2F1BB /* Pods_zest.framework in Frameworks */,
			);
			runOnlyForDeploymentPostprocessing = 0;
		};
		3996F710243BC8840071FCC6 /* Frameworks */ = {
			isa = PBXFrameworksBuildPhase;
			buildActionMask = 2147483647;
			files = (
				B8D8746540599BBA01738202 /* Pods_zestTests.framework in Frameworks */,
			);
			runOnlyForDeploymentPostprocessing = 0;
		};
		3996F71B243BC8840071FCC6 /* Frameworks */ = {
			isa = PBXFrameworksBuildPhase;
			buildActionMask = 2147483647;
			files = (
				FA5B0FC04938534519B83BE6 /* Pods_zest_zestUITests.framework in Frameworks */,
			);
			runOnlyForDeploymentPostprocessing = 0;
		};
/* End PBXFrameworksBuildPhase section */

/* Begin PBXGroup section */
		3996F6F4243BC8820071FCC6 = {
			isa = PBXGroup;
			children = (
				3996F6FF243BC8820071FCC6 /* zest */,
				3996F716243BC8840071FCC6 /* zestTests */,
				3996F721243BC8840071FCC6 /* zestUITests */,
				3996F6FE243BC8820071FCC6 /* Products */,
				E4A79932977862F5F9106191 /* Pods */,
				F11FCB42FED667527306369C /* Frameworks */,
			);
			sourceTree = "<group>";
		};
		3996F6FE243BC8820071FCC6 /* Products */ = {
			isa = PBXGroup;
			children = (
				3996F6FD243BC8820071FCC6 /* zest.app */,
				3996F713243BC8840071FCC6 /* zestTests.xctest */,
				3996F71E243BC8840071FCC6 /* zestUITests.xctest */,
			);
			name = Products;
			sourceTree = "<group>";
		};
		3996F6FF243BC8820071FCC6 /* zest */ = {
			isa = PBXGroup;
			children = (
				399EB50A2450BC6C00B2297C /* GoogleService-Info.plist */,
				3996F732243BC8BB0071FCC6 /* Controller */,
				3996F731243BC8B70071FCC6 /* View */,
				3996F730243BC8B30071FCC6 /* Model */,
				3996F700243BC8820071FCC6 /* AppDelegate.swift */,
				3996F702243BC8820071FCC6 /* SceneDelegate.swift */,
				3996F709243BC8840071FCC6 /* Assets.xcassets */,
				3996F70B243BC8840071FCC6 /* LaunchScreen.storyboard */,
				3996F70E243BC8840071FCC6 /* Info.plist */,
			);
			path = zest;
			sourceTree = "<group>";
		};
		3996F716243BC8840071FCC6 /* zestTests */ = {
			isa = PBXGroup;
			children = (
				3996F717243BC8840071FCC6 /* zestTests.swift */,
				3996F719243BC8840071FCC6 /* Info.plist */,
			);
			path = zestTests;
			sourceTree = "<group>";
		};
		3996F721243BC8840071FCC6 /* zestUITests */ = {
			isa = PBXGroup;
			children = (
				3996F722243BC8840071FCC6 /* zestUITests.swift */,
				3996F724243BC8840071FCC6 /* Info.plist */,
			);
			path = zestUITests;
			sourceTree = "<group>";
		};
		3996F730243BC8B30071FCC6 /* Model */ = {
			isa = PBXGroup;
			children = (
				39792F9A244578D400B96F25 /* DiscoverCell.swift */,
				3996F7422443C03B0071FCC6 /* TableViewCell.swift */,
				3996F733243C175C0071FCC6 /* RecipeModel.swift */,
				3996F735243C176A0071FCC6 /* Recipe.swift */,
				39792FA02448CE6800B96F25 /* Location.swift */,
				39792FA2244924A400B96F25 /* GrocerySearchModel.swift */,
			);
			path = Model;
			sourceTree = "<group>";
		};
		3996F731243BC8B70071FCC6 /* View */ = {
			isa = PBXGroup;
			children = (
				3996F706243BC8820071FCC6 /* Main.storyboard */,
			);
			path = View;
			sourceTree = "<group>";
		};
		3996F732243BC8BB0071FCC6 /* Controller */ = {
			isa = PBXGroup;
			children = (
				3996F73E2443BCEA0071FCC6 /* RecipeTableViewController.swift */,
				3996F7442443CFA80071FCC6 /* RecipeDetailViewController.swift */,
				3996F7462443DADE0071FCC6 /* FridgeTableViewController.swift */,
				39792F982444F41800B96F25 /* DiscoverTableViewController.swift */,
				39792F9C24465A6D00B96F25 /* AddRecipeViewController.swift */,
				39792F9E2447D87100B96F25 /* GroceryViewController.swift */,
			);
			path = Controller;
			sourceTree = "<group>";
		};
		E4A79932977862F5F9106191 /* Pods */ = {
			isa = PBXGroup;
			children = (
				45E2E8107207ECF0005E4025 /* Pods-zest.debug.xcconfig */,
				CCFA412A5378FEADA50FCB6F /* Pods-zest.release.xcconfig */,
				FE57A6F2CFD9ED184AEACCCC /* Pods-zest-zestUITests.debug.xcconfig */,
				E8055AA5D4CECE30E136E6A1 /* Pods-zest-zestUITests.release.xcconfig */,
				E7430F79CDA2C7904434F6EA /* Pods-zestTests.debug.xcconfig */,
				879AC42F28DD52C57A1CD88D /* Pods-zestTests.release.xcconfig */,
			);
			path = Pods;
			sourceTree = "<group>";
		};
		F11FCB42FED667527306369C /* Frameworks */ = {
			isa = PBXGroup;
			children = (
				4FFE9C47E8986480A4263451 /* Pods_zest.framework */,
				B4F09B2BDD4596ADC0FC1AB0 /* Pods_zest_zestUITests.framework */,
				42D5F3A717F7B21B2FB49B23 /* Pods_zestTests.framework */,
			);
			name = Frameworks;
			sourceTree = "<group>";
		};
/* End PBXGroup section */

/* Begin PBXNativeTarget section */
		3996F6FC243BC8820071FCC6 /* zest */ = {
			isa = PBXNativeTarget;
			buildConfigurationList = 3996F727243BC8840071FCC6 /* Build configuration list for PBXNativeTarget "zest" */;
			buildPhases = (
				8616FD57E4E757008F1EF952 /* [CP] Check Pods Manifest.lock */,
				3996F6F9243BC8820071FCC6 /* Sources */,
				3996F6FA243BC8820071FCC6 /* Frameworks */,
				3996F6FB243BC8820071FCC6 /* Resources */,
				E3C59A2EAA9EE9C459656FBF /* [CP] Copy Pods Resources */,
				E708D6132C491CE17873B553 /* [CP] Embed Pods Frameworks */,
			);
			buildRules = (
			);
			dependencies = (
			);
			name = zest;
			packageProductDependencies = (
				3996F73C2443AF0E0071FCC6 /* Kingfisher */,
			);
			productName = zest;
			productReference = 3996F6FD243BC8820071FCC6 /* zest.app */;
			productType = "com.apple.product-type.application";
		};
		3996F712243BC8840071FCC6 /* zestTests */ = {
			isa = PBXNativeTarget;
			buildConfigurationList = 3996F72A243BC8840071FCC6 /* Build configuration list for PBXNativeTarget "zestTests" */;
			buildPhases = (
				A4021435D08D5F0BE17D874B /* [CP] Check Pods Manifest.lock */,
				3996F70F243BC8840071FCC6 /* Sources */,
				3996F710243BC8840071FCC6 /* Frameworks */,
				3996F711243BC8840071FCC6 /* Resources */,
			);
			buildRules = (
			);
			dependencies = (
				3996F715243BC8840071FCC6 /* PBXTargetDependency */,
			);
			name = zestTests;
			productName = zestTests;
			productReference = 3996F713243BC8840071FCC6 /* zestTests.xctest */;
			productType = "com.apple.product-type.bundle.unit-test";
		};
		3996F71D243BC8840071FCC6 /* zestUITests */ = {
			isa = PBXNativeTarget;
			buildConfigurationList = 3996F72D243BC8840071FCC6 /* Build configuration list for PBXNativeTarget "zestUITests" */;
			buildPhases = (
				3C99893A8D4ADE4840947A33 /* [CP] Check Pods Manifest.lock */,
				3996F71A243BC8840071FCC6 /* Sources */,
				3996F71B243BC8840071FCC6 /* Frameworks */,
				3996F71C243BC8840071FCC6 /* Resources */,
				4D73E99547C9E739C2874672 /* [CP] Copy Pods Resources */,
				7016A6685BCEDE4D8AB44AB7 /* [CP] Embed Pods Frameworks */,
			);
			buildRules = (
			);
			dependencies = (
				3996F720243BC8840071FCC6 /* PBXTargetDependency */,
			);
			name = zestUITests;
			productName = zestUITests;
			productReference = 3996F71E243BC8840071FCC6 /* zestUITests.xctest */;
			productType = "com.apple.product-type.bundle.ui-testing";
		};
/* End PBXNativeTarget section */

/* Begin PBXProject section */
		3996F6F5243BC8820071FCC6 /* Project object */ = {
			isa = PBXProject;
			attributes = {
				LastSwiftUpdateCheck = 1130;
				LastUpgradeCheck = 1130;
				ORGANIZATIONNAME = "Mai Dang";
				TargetAttributes = {
					3996F6FC243BC8820071FCC6 = {
						CreatedOnToolsVersion = 11.3.1;
					};
					3996F712243BC8840071FCC6 = {
						CreatedOnToolsVersion = 11.3.1;
						TestTargetID = 3996F6FC243BC8820071FCC6;
					};
					3996F71D243BC8840071FCC6 = {
						CreatedOnToolsVersion = 11.3.1;
						TestTargetID = 3996F6FC243BC8820071FCC6;
					};
				};
			};
			buildConfigurationList = 3996F6F8243BC8820071FCC6 /* Build configuration list for PBXProject "zest" */;
			compatibilityVersion = "Xcode 9.3";
			developmentRegion = en;
			hasScannedForEncodings = 0;
			knownRegions = (
				en,
				Base,
			);
			mainGroup = 3996F6F4243BC8820071FCC6;
			packageReferences = (
				3996F73B2443AF0E0071FCC6 /* XCRemoteSwiftPackageReference "Kingfisher" */,
			);
			productRefGroup = 3996F6FE243BC8820071FCC6 /* Products */;
			projectDirPath = "";
			projectRoot = "";
			targets = (
				3996F6FC243BC8820071FCC6 /* zest */,
				3996F712243BC8840071FCC6 /* zestTests */,
				3996F71D243BC8840071FCC6 /* zestUITests */,
			);
		};
/* End PBXProject section */

/* Begin PBXResourcesBuildPhase section */
		3996F6FB243BC8820071FCC6 /* Resources */ = {
			isa = PBXResourcesBuildPhase;
			buildActionMask = 2147483647;
			files = (
				3996F70D243BC8840071FCC6 /* LaunchScreen.storyboard in Resources */,
				3996F70A243BC8840071FCC6 /* Assets.xcassets in Resources */,
				399EB50B2450BC6C00B2297C /* GoogleService-Info.plist in Resources */,
				3996F708243BC8820071FCC6 /* Main.storyboard in Resources */,
			);
			runOnlyForDeploymentPostprocessing = 0;
		};
		3996F711243BC8840071FCC6 /* Resources */ = {
			isa = PBXResourcesBuildPhase;
			buildActionMask = 2147483647;
			files = (
			);
			runOnlyForDeploymentPostprocessing = 0;
		};
		3996F71C243BC8840071FCC6 /* Resources */ = {
			isa = PBXResourcesBuildPhase;
			buildActionMask = 2147483647;
			files = (
			);
			runOnlyForDeploymentPostprocessing = 0;
		};
/* End PBXResourcesBuildPhase section */

/* Begin PBXShellScriptBuildPhase section */
		3C99893A8D4ADE4840947A33 /* [CP] Check Pods Manifest.lock */ = {
			isa = PBXShellScriptBuildPhase;
			buildActionMask = 2147483647;
			files = (
			);
			inputFileListPaths = (
			);
			inputPaths = (
				"${PODS_PODFILE_DIR_PATH}/Podfile.lock",
				"${PODS_ROOT}/Manifest.lock",
			);
			name = "[CP] Check Pods Manifest.lock";
			outputFileListPaths = (
			);
			outputPaths = (
				"$(DERIVED_FILE_DIR)/Pods-zest-zestUITests-checkManifestLockResult.txt",
			);
			runOnlyForDeploymentPostprocessing = 0;
			shellPath = /bin/sh;
			shellScript = "diff \"${PODS_PODFILE_DIR_PATH}/Podfile.lock\" \"${PODS_ROOT}/Manifest.lock\" > /dev/null\nif [ $? != 0 ] ; then\n    # print error to STDERR\n    echo \"error: The sandbox is not in sync with the Podfile.lock. Run 'pod install' or update your CocoaPods installation.\" >&2\n    exit 1\nfi\n# This output is used by Xcode 'outputs' to avoid re-running this script phase.\necho \"SUCCESS\" > \"${SCRIPT_OUTPUT_FILE_0}\"\n";
			showEnvVarsInLog = 0;
		};
		4D73E99547C9E739C2874672 /* [CP] Copy Pods Resources */ = {
			isa = PBXShellScriptBuildPhase;
			buildActionMask = 2147483647;
			files = (
			);
			inputFileListPaths = (
				"${PODS_ROOT}/Target Support Files/Pods-zest-zestUITests/Pods-zest-zestUITests-resources-${CONFIGURATION}-input-files.xcfilelist",
			);
			name = "[CP] Copy Pods Resources";
			outputFileListPaths = (
				"${PODS_ROOT}/Target Support Files/Pods-zest-zestUITests/Pods-zest-zestUITests-resources-${CONFIGURATION}-output-files.xcfilelist",
			);
			runOnlyForDeploymentPostprocessing = 0;
			shellPath = /bin/sh;
			shellScript = "\"${PODS_ROOT}/Target Support Files/Pods-zest-zestUITests/Pods-zest-zestUITests-resources.sh\"\n";
			showEnvVarsInLog = 0;
		};
		7016A6685BCEDE4D8AB44AB7 /* [CP] Embed Pods Frameworks */ = {
			isa = PBXShellScriptBuildPhase;
			buildActionMask = 2147483647;
			files = (
			);
			inputFileListPaths = (
				"${PODS_ROOT}/Target Support Files/Pods-zest-zestUITests/Pods-zest-zestUITests-frameworks-${CONFIGURATION}-input-files.xcfilelist",
			);
			name = "[CP] Embed Pods Frameworks";
			outputFileListPaths = (
				"${PODS_ROOT}/Target Support Files/Pods-zest-zestUITests/Pods-zest-zestUITests-frameworks-${CONFIGURATION}-output-files.xcfilelist",
			);
			runOnlyForDeploymentPostprocessing = 0;
			shellPath = /bin/sh;
			shellScript = "\"${PODS_ROOT}/Target Support Files/Pods-zest-zestUITests/Pods-zest-zestUITests-frameworks.sh\"\n";
			showEnvVarsInLog = 0;
		};
		8616FD57E4E757008F1EF952 /* [CP] Check Pods Manifest.lock */ = {
			isa = PBXShellScriptBuildPhase;
			buildActionMask = 2147483647;
			files = (
			);
			inputFileListPaths = (
			);
			inputPaths = (
				"${PODS_PODFILE_DIR_PATH}/Podfile.lock",
				"${PODS_ROOT}/Manifest.lock",
			);
			name = "[CP] Check Pods Manifest.lock";
			outputFileListPaths = (
			);
			outputPaths = (
				"$(DERIVED_FILE_DIR)/Pods-zest-checkManifestLockResult.txt",
			);
			runOnlyForDeploymentPostprocessing = 0;
			shellPath = /bin/sh;
			shellScript = "diff \"${PODS_PODFILE_DIR_PATH}/Podfile.lock\" \"${PODS_ROOT}/Manifest.lock\" > /dev/null\nif [ $? != 0 ] ; then\n    # print error to STDERR\n    echo \"error: The sandbox is not in sync with the Podfile.lock. Run 'pod install' or update your CocoaPods installation.\" >&2\n    exit 1\nfi\n# This output is used by Xcode 'outputs' to avoid re-running this script phase.\necho \"SUCCESS\" > \"${SCRIPT_OUTPUT_FILE_0}\"\n";
			showEnvVarsInLog = 0;
		};
		A4021435D08D5F0BE17D874B /* [CP] Check Pods Manifest.lock */ = {
			isa = PBXShellScriptBuildPhase;
			buildActionMask = 2147483647;
			files = (
			);
			inputFileListPaths = (
			);
			inputPaths = (
				"${PODS_PODFILE_DIR_PATH}/Podfile.lock",
				"${PODS_ROOT}/Manifest.lock",
			);
			name = "[CP] Check Pods Manifest.lock";
			outputFileListPaths = (
			);
			outputPaths = (
				"$(DERIVED_FILE_DIR)/Pods-zestTests-checkManifestLockResult.txt",
			);
			runOnlyForDeploymentPostprocessing = 0;
			shellPath = /bin/sh;
			shellScript = "diff \"${PODS_PODFILE_DIR_PATH}/Podfile.lock\" \"${PODS_ROOT}/Manifest.lock\" > /dev/null\nif [ $? != 0 ] ; then\n    # print error to STDERR\n    echo \"error: The sandbox is not in sync with the Podfile.lock. Run 'pod install' or update your CocoaPods installation.\" >&2\n    exit 1\nfi\n# This output is used by Xcode 'outputs' to avoid re-running this script phase.\necho \"SUCCESS\" > \"${SCRIPT_OUTPUT_FILE_0}\"\n";
			showEnvVarsInLog = 0;
		};
		E3C59A2EAA9EE9C459656FBF /* [CP] Copy Pods Resources */ = {
			isa = PBXShellScriptBuildPhase;
			buildActionMask = 2147483647;
			files = (
			);
			inputFileListPaths = (
				"${PODS_ROOT}/Target Support Files/Pods-zest/Pods-zest-resources-${CONFIGURATION}-input-files.xcfilelist",
			);
			name = "[CP] Copy Pods Resources";
			outputFileListPaths = (
				"${PODS_ROOT}/Target Support Files/Pods-zest/Pods-zest-resources-${CONFIGURATION}-output-files.xcfilelist",
			);
			runOnlyForDeploymentPostprocessing = 0;
			shellPath = /bin/sh;
			shellScript = "\"${PODS_ROOT}/Target Support Files/Pods-zest/Pods-zest-resources.sh\"\n";
			showEnvVarsInLog = 0;
		};
		E708D6132C491CE17873B553 /* [CP] Embed Pods Frameworks */ = {
			isa = PBXShellScriptBuildPhase;
			buildActionMask = 2147483647;
			files = (
			);
			inputFileListPaths = (
				"${PODS_ROOT}/Target Support Files/Pods-zest/Pods-zest-frameworks-${CONFIGURATION}-input-files.xcfilelist",
			);
			name = "[CP] Embed Pods Frameworks";
			outputFileListPaths = (
				"${PODS_ROOT}/Target Support Files/Pods-zest/Pods-zest-frameworks-${CONFIGURATION}-output-files.xcfilelist",
			);
			runOnlyForDeploymentPostprocessing = 0;
			shellPath = /bin/sh;
			shellScript = "\"${PODS_ROOT}/Target Support Files/Pods-zest/Pods-zest-frameworks.sh\"\n";
			showEnvVarsInLog = 0;
		};
/* End PBXShellScriptBuildPhase section */

/* Begin PBXSourcesBuildPhase section */
		3996F6F9243BC8820071FCC6 /* Sources */ = {
			isa = PBXSourcesBuildPhase;
			buildActionMask = 2147483647;
			files = (
				3996F734243C175C0071FCC6 /* RecipeModel.swift in Sources */,
				3996F7452443CFA80071FCC6 /* RecipeDetailViewController.swift in Sources */,
				3996F7432443C03B0071FCC6 /* TableViewCell.swift in Sources */,
				39792FA3244924A500B96F25 /* GrocerySearchModel.swift in Sources */,
				3996F701243BC8820071FCC6 /* AppDelegate.swift in Sources */,
				39792F9B244578D400B96F25 /* DiscoverCell.swift in Sources */,
				3996F703243BC8820071FCC6 /* SceneDelegate.swift in Sources */,
				39792FA12448CE6900B96F25 /* Location.swift in Sources */,
				39792F992444F41800B96F25 /* DiscoverTableViewController.swift in Sources */,
				3996F7472443DADE0071FCC6 /* FridgeTableViewController.swift in Sources */,
				39792F9F2447D87100B96F25 /* GroceryViewController.swift in Sources */,
				3996F73F2443BCEA0071FCC6 /* RecipeTableViewController.swift in Sources */,
				39792F9D24465A6D00B96F25 /* AddRecipeViewController.swift in Sources */,
				3996F736243C176A0071FCC6 /* Recipe.swift in Sources */,
			);
			runOnlyForDeploymentPostprocessing = 0;
		};
		3996F70F243BC8840071FCC6 /* Sources */ = {
			isa = PBXSourcesBuildPhase;
			buildActionMask = 2147483647;
			files = (
				3996F718243BC8840071FCC6 /* zestTests.swift in Sources */,
			);
			runOnlyForDeploymentPostprocessing = 0;
		};
		3996F71A243BC8840071FCC6 /* Sources */ = {
			isa = PBXSourcesBuildPhase;
			buildActionMask = 2147483647;
			files = (
				3996F723243BC8840071FCC6 /* zestUITests.swift in Sources */,
			);
			runOnlyForDeploymentPostprocessing = 0;
		};
/* End PBXSourcesBuildPhase section */

/* Begin PBXTargetDependency section */
		3996F715243BC8840071FCC6 /* PBXTargetDependency */ = {
			isa = PBXTargetDependency;
			target = 3996F6FC243BC8820071FCC6 /* zest */;
			targetProxy = 3996F714243BC8840071FCC6 /* PBXContainerItemProxy */;
		};
		3996F720243BC8840071FCC6 /* PBXTargetDependency */ = {
			isa = PBXTargetDependency;
			target = 3996F6FC243BC8820071FCC6 /* zest */;
			targetProxy = 3996F71F243BC8840071FCC6 /* PBXContainerItemProxy */;
		};
/* End PBXTargetDependency section */

/* Begin PBXVariantGroup section */
		3996F706243BC8820071FCC6 /* Main.storyboard */ = {
			isa = PBXVariantGroup;
			children = (
				3996F707243BC8820071FCC6 /* Base */,
			);
			name = Main.storyboard;
			sourceTree = "<group>";
		};
		3996F70B243BC8840071FCC6 /* LaunchScreen.storyboard */ = {
			isa = PBXVariantGroup;
			children = (
				3996F70C243BC8840071FCC6 /* Base */,
			);
			name = LaunchScreen.storyboard;
			sourceTree = "<group>";
		};
/* End PBXVariantGroup section */

/* Begin XCBuildConfiguration section */
		3996F725243BC8840071FCC6 /* Debug */ = {
			isa = XCBuildConfiguration;
			buildSettings = {
				ALWAYS_SEARCH_USER_PATHS = NO;
				CLANG_ANALYZER_NONNULL = YES;
				CLANG_ANALYZER_NUMBER_OBJECT_CONVERSION = YES_AGGRESSIVE;
				CLANG_CXX_LANGUAGE_STANDARD = "gnu++14";
				CLANG_CXX_LIBRARY = "libc++";
				CLANG_ENABLE_MODULES = YES;
				CLANG_ENABLE_OBJC_ARC = YES;
				CLANG_ENABLE_OBJC_WEAK = YES;
				CLANG_WARN_BLOCK_CAPTURE_AUTORELEASING = YES;
				CLANG_WARN_BOOL_CONVERSION = YES;
				CLANG_WARN_COMMA = YES;
				CLANG_WARN_CONSTANT_CONVERSION = YES;
				CLANG_WARN_DEPRECATED_OBJC_IMPLEMENTATIONS = YES;
				CLANG_WARN_DIRECT_OBJC_ISA_USAGE = YES_ERROR;
				CLANG_WARN_DOCUMENTATION_COMMENTS = YES;
				CLANG_WARN_EMPTY_BODY = YES;
				CLANG_WARN_ENUM_CONVERSION = YES;
				CLANG_WARN_INFINITE_RECURSION = YES;
				CLANG_WARN_INT_CONVERSION = YES;
				CLANG_WARN_NON_LITERAL_NULL_CONVERSION = YES;
				CLANG_WARN_OBJC_IMPLICIT_RETAIN_SELF = YES;
				CLANG_WARN_OBJC_LITERAL_CONVERSION = YES;
				CLANG_WARN_OBJC_ROOT_CLASS = YES_ERROR;
				CLANG_WARN_RANGE_LOOP_ANALYSIS = YES;
				CLANG_WARN_STRICT_PROTOTYPES = YES;
				CLANG_WARN_SUSPICIOUS_MOVE = YES;
				CLANG_WARN_UNGUARDED_AVAILABILITY = YES_AGGRESSIVE;
				CLANG_WARN_UNREACHABLE_CODE = YES;
				CLANG_WARN__DUPLICATE_METHOD_MATCH = YES;
				COPY_PHASE_STRIP = NO;
				DEBUG_INFORMATION_FORMAT = dwarf;
				ENABLE_STRICT_OBJC_MSGSEND = YES;
				ENABLE_TESTABILITY = YES;
				GCC_C_LANGUAGE_STANDARD = gnu11;
				GCC_DYNAMIC_NO_PIC = NO;
				GCC_NO_COMMON_BLOCKS = YES;
				GCC_OPTIMIZATION_LEVEL = 0;
				GCC_PREPROCESSOR_DEFINITIONS = (
					"DEBUG=1",
					"$(inherited)",
				);
				GCC_WARN_64_TO_32_BIT_CONVERSION = YES;
				GCC_WARN_ABOUT_RETURN_TYPE = YES_ERROR;
				GCC_WARN_UNDECLARED_SELECTOR = YES;
				GCC_WARN_UNINITIALIZED_AUTOS = YES_AGGRESSIVE;
				GCC_WARN_UNUSED_FUNCTION = YES;
				GCC_WARN_UNUSED_VARIABLE = YES;
				IPHONEOS_DEPLOYMENT_TARGET = 13.2;
				MTL_ENABLE_DEBUG_INFO = INCLUDE_SOURCE;
				MTL_FAST_MATH = YES;
				ONLY_ACTIVE_ARCH = YES;
				SDKROOT = iphoneos;
				SWIFT_ACTIVE_COMPILATION_CONDITIONS = DEBUG;
				SWIFT_OPTIMIZATION_LEVEL = "-Onone";
			};
			name = Debug;
		};
		3996F726243BC8840071FCC6 /* Release */ = {
			isa = XCBuildConfiguration;
			buildSettings = {
				ALWAYS_SEARCH_USER_PATHS = NO;
				CLANG_ANALYZER_NONNULL = YES;
				CLANG_ANALYZER_NUMBER_OBJECT_CONVERSION = YES_AGGRESSIVE;
				CLANG_CXX_LANGUAGE_STANDARD = "gnu++14";
				CLANG_CXX_LIBRARY = "libc++";
				CLANG_ENABLE_MODULES = YES;
				CLANG_ENABLE_OBJC_ARC = YES;
				CLANG_ENABLE_OBJC_WEAK = YES;
				CLANG_WARN_BLOCK_CAPTURE_AUTORELEASING = YES;
				CLANG_WARN_BOOL_CONVERSION = YES;
				CLANG_WARN_COMMA = YES;
				CLANG_WARN_CONSTANT_CONVERSION = YES;
				CLANG_WARN_DEPRECATED_OBJC_IMPLEMENTATIONS = YES;
				CLANG_WARN_DIRECT_OBJC_ISA_USAGE = YES_ERROR;
				CLANG_WARN_DOCUMENTATION_COMMENTS = YES;
				CLANG_WARN_EMPTY_BODY = YES;
				CLANG_WARN_ENUM_CONVERSION = YES;
				CLANG_WARN_INFINITE_RECURSION = YES;
				CLANG_WARN_INT_CONVERSION = YES;
				CLANG_WARN_NON_LITERAL_NULL_CONVERSION = YES;
				CLANG_WARN_OBJC_IMPLICIT_RETAIN_SELF = YES;
				CLANG_WARN_OBJC_LITERAL_CONVERSION = YES;
				CLANG_WARN_OBJC_ROOT_CLASS = YES_ERROR;
				CLANG_WARN_RANGE_LOOP_ANALYSIS = YES;
				CLANG_WARN_STRICT_PROTOTYPES = YES;
				CLANG_WARN_SUSPICIOUS_MOVE = YES;
				CLANG_WARN_UNGUARDED_AVAILABILITY = YES_AGGRESSIVE;
				CLANG_WARN_UNREACHABLE_CODE = YES;
				CLANG_WARN__DUPLICATE_METHOD_MATCH = YES;
				COPY_PHASE_STRIP = NO;
				DEBUG_INFORMATION_FORMAT = "dwarf-with-dsym";
				ENABLE_NS_ASSERTIONS = NO;
				ENABLE_STRICT_OBJC_MSGSEND = YES;
				GCC_C_LANGUAGE_STANDARD = gnu11;
				GCC_NO_COMMON_BLOCKS = YES;
				GCC_WARN_64_TO_32_BIT_CONVERSION = YES;
				GCC_WARN_ABOUT_RETURN_TYPE = YES_ERROR;
				GCC_WARN_UNDECLARED_SELECTOR = YES;
				GCC_WARN_UNINITIALIZED_AUTOS = YES_AGGRESSIVE;
				GCC_WARN_UNUSED_FUNCTION = YES;
				GCC_WARN_UNUSED_VARIABLE = YES;
				IPHONEOS_DEPLOYMENT_TARGET = 13.2;
				MTL_ENABLE_DEBUG_INFO = NO;
				MTL_FAST_MATH = YES;
				SDKROOT = iphoneos;
				SWIFT_COMPILATION_MODE = wholemodule;
				SWIFT_OPTIMIZATION_LEVEL = "-O";
				VALIDATE_PRODUCT = YES;
			};
			name = Release;
		};
		3996F728243BC8840071FCC6 /* Debug */ = {
			isa = XCBuildConfiguration;
			baseConfigurationReference = 45E2E8107207ECF0005E4025 /* Pods-zest.debug.xcconfig */;
			buildSettings = {
				ASSETCATALOG_COMPILER_APPICON_NAME = AppIcon;
				CODE_SIGN_STYLE = Automatic;
				INFOPLIST_FILE = zest/Info.plist;
				LD_RUNPATH_SEARCH_PATHS = (
					"$(inherited)",
					"@executable_path/Frameworks",
				);
				PRODUCT_BUNDLE_IDENTIFIER = com.mai;
				PRODUCT_NAME = "$(TARGET_NAME)";
				SWIFT_VERSION = 5.0;
				TARGETED_DEVICE_FAMILY = "1,2";
			};
			name = Debug;
		};
		3996F729243BC8840071FCC6 /* Release */ = {
			isa = XCBuildConfiguration;
			baseConfigurationReference = CCFA412A5378FEADA50FCB6F /* Pods-zest.release.xcconfig */;
			buildSettings = {
				ASSETCATALOG_COMPILER_APPICON_NAME = AppIcon;
				CODE_SIGN_STYLE = Automatic;
				INFOPLIST_FILE = zest/Info.plist;
				LD_RUNPATH_SEARCH_PATHS = (
					"$(inherited)",
					"@executable_path/Frameworks",
				);
				PRODUCT_BUNDLE_IDENTIFIER = com.mai;
				PRODUCT_NAME = "$(TARGET_NAME)";
				SWIFT_VERSION = 5.0;
				TARGETED_DEVICE_FAMILY = "1,2";
			};
			name = Release;
		};
		3996F72B243BC8840071FCC6 /* Debug */ = {
			isa = XCBuildConfiguration;
			baseConfigurationReference = E7430F79CDA2C7904434F6EA /* Pods-zestTests.debug.xcconfig */;
			buildSettings = {
				ALWAYS_EMBED_SWIFT_STANDARD_LIBRARIES = YES;
				BUNDLE_LOADER = "$(TEST_HOST)";
				CODE_SIGN_STYLE = Automatic;
				INFOPLIST_FILE = zestTests/Info.plist;
				IPHONEOS_DEPLOYMENT_TARGET = 13.2;
				LD_RUNPATH_SEARCH_PATHS = (
					"$(inherited)",
					"@executable_path/Frameworks",
					"@loader_path/Frameworks",
				);
				PRODUCT_BUNDLE_IDENTIFIER = edu.mainhied.zestTests;
				PRODUCT_NAME = "$(TARGET_NAME)";
				SWIFT_VERSION = 5.0;
				TARGETED_DEVICE_FAMILY = "1,2";
				TEST_HOST = "$(BUILT_PRODUCTS_DIR)/zest.app/zest";
			};
			name = Debug;
		};
		3996F72C243BC8840071FCC6 /* Release */ = {
			isa = XCBuildConfiguration;
			baseConfigurationReference = 879AC42F28DD52C57A1CD88D /* Pods-zestTests.release.xcconfig */;
			buildSettings = {
				ALWAYS_EMBED_SWIFT_STANDARD_LIBRARIES = YES;
				BUNDLE_LOADER = "$(TEST_HOST)";
				CODE_SIGN_STYLE = Automatic;
				INFOPLIST_FILE = zestTests/Info.plist;
				IPHONEOS_DEPLOYMENT_TARGET = 13.2;
				LD_RUNPATH_SEARCH_PATHS = (
					"$(inherited)",
					"@executable_path/Frameworks",
					"@loader_path/Frameworks",
				);
				PRODUCT_BUNDLE_IDENTIFIER = edu.mainhied.zestTests;
				PRODUCT_NAME = "$(TARGET_NAME)";
				SWIFT_VERSION = 5.0;
				TARGETED_DEVICE_FAMILY = "1,2";
				TEST_HOST = "$(BUILT_PRODUCTS_DIR)/zest.app/zest";
			};
			name = Release;
		};
		3996F72E243BC8840071FCC6 /* Debug */ = {
			isa = XCBuildConfiguration;
			baseConfigurationReference = FE57A6F2CFD9ED184AEACCCC /* Pods-zest-zestUITests.debug.xcconfig */;
			buildSettings = {
				ALWAYS_EMBED_SWIFT_STANDARD_LIBRARIES = YES;
				CODE_SIGN_STYLE = Automatic;
				INFOPLIST_FILE = zestUITests/Info.plist;
				LD_RUNPATH_SEARCH_PATHS = (
					"$(inherited)",
					"@executable_path/Frameworks",
					"@loader_path/Frameworks",
				);
				PRODUCT_BUNDLE_IDENTIFIER = edu.mainhied.zestUITests;
				PRODUCT_NAME = "$(TARGET_NAME)";
				SWIFT_VERSION = 5.0;
				TARGETED_DEVICE_FAMILY = "1,2";
				TEST_TARGET_NAME = zest;
			};
			name = Debug;
		};
		3996F72F243BC8840071FCC6 /* Release */ = {
			isa = XCBuildConfiguration;
			baseConfigurationReference = E8055AA5D4CECE30E136E6A1 /* Pods-zest-zestUITests.release.xcconfig */;
			buildSettings = {
				ALWAYS_EMBED_SWIFT_STANDARD_LIBRARIES = YES;
				CODE_SIGN_STYLE = Automatic;
				INFOPLIST_FILE = zestUITests/Info.plist;
				LD_RUNPATH_SEARCH_PATHS = (
					"$(inherited)",
					"@executable_path/Frameworks",
					"@loader_path/Frameworks",
				);
				PRODUCT_BUNDLE_IDENTIFIER = edu.mainhied.zestUITests;
				PRODUCT_NAME = "$(TARGET_NAME)";
				SWIFT_VERSION = 5.0;
				TARGETED_DEVICE_FAMILY = "1,2";
				TEST_TARGET_NAME = zest;
			};
			name = Release;
		};
/* End XCBuildConfiguration section */

/* Begin XCConfigurationList section */
		3996F6F8243BC8820071FCC6 /* Build configuration list for PBXProject "zest" */ = {
			isa = XCConfigurationList;
			buildConfigurations = (
				3996F725243BC8840071FCC6 /* Debug */,
				3996F726243BC8840071FCC6 /* Release */,
			);
			defaultConfigurationIsVisible = 0;
			defaultConfigurationName = Release;
		};
		3996F727243BC8840071FCC6 /* Build configuration list for PBXNativeTarget "zest" */ = {
			isa = XCConfigurationList;
			buildConfigurations = (
				3996F728243BC8840071FCC6 /* Debug */,
				3996F729243BC8840071FCC6 /* Release */,
			);
			defaultConfigurationIsVisible = 0;
			defaultConfigurationName = Release;
		};
		3996F72A243BC8840071FCC6 /* Build configuration list for PBXNativeTarget "zestTests" */ = {
			isa = XCConfigurationList;
			buildConfigurations = (
				3996F72B243BC8840071FCC6 /* Debug */,
				3996F72C243BC8840071FCC6 /* Release */,
			);
			defaultConfigurationIsVisible = 0;
			defaultConfigurationName = Release;
		};
		3996F72D243BC8840071FCC6 /* Build configuration list for PBXNativeTarget "zestUITests" */ = {
			isa = XCConfigurationList;
			buildConfigurations = (
				3996F72E243BC8840071FCC6 /* Debug */,
				3996F72F243BC8840071FCC6 /* Release */,
			);
			defaultConfigurationIsVisible = 0;
			defaultConfigurationName = Release;
		};
/* End XCConfigurationList section */

/* Begin XCRemoteSwiftPackageReference section */
		3996F73B2443AF0E0071FCC6 /* XCRemoteSwiftPackageReference "Kingfisher" */ = {
			isa = XCRemoteSwiftPackageReference;
			repositoryURL = "https://github.com/onevcat/Kingfisher.git";
			requirement = {
				kind = upToNextMajorVersion;
				minimumVersion = 5.13.4;
			};
		};
/* End XCRemoteSwiftPackageReference section */

/* Begin XCSwiftPackageProductDependency section */
		3996F73C2443AF0E0071FCC6 /* Kingfisher */ = {
			isa = XCSwiftPackageProductDependency;
			package = 3996F73B2443AF0E0071FCC6 /* XCRemoteSwiftPackageReference "Kingfisher" */;
			productName = Kingfisher;
		};
/* End XCSwiftPackageProductDependency section */
	};
	rootObject = 3996F6F5243BC8820071FCC6 /* Project object */;
}
